
Microsoft Visual Studio Solution File, Format Version 12.00
# Visual Studio 15
VisualStudioVersion = 15.0.27703.2042
MinimumVisualStudioVersion = 10.0.40219.1
Project("{FAE04EC0-301F-11D3-BF4B-00C04F79EFBC}") = "Bolao", "Bolao\Bolao.csproj", "{BF2F68E6-3FE3-4803-8C83-2F8BB2449373}"
EndProject
Project("{E53339B2-1760-4266-BCC7-CA923CBCF16C}") = "docker-compose", "docker-compose.dcproj", "{35D34170-F113-4195-9B68-369CC4431603}"
EndProject
Global
	GlobalSection(SolutionConfigurationPlatforms) = preSolution
		Debug|Any CPU = Debug|Any CPU
		Release|Any CPU = Release|Any CPU
	EndGlobalSection
	GlobalSection(ProjectConfigurationPlatforms) = postSolution
		{BF2F68E6-3FE3-4803-8C83-2F8BB2449373}.Debug|Any CPU.ActiveCfg = Debug|Any CPU
		{BF2F68E6-3FE3-4803-8C83-2F8BB2449373}.Debug|Any CPU.Build.0 = Debug|Any CPU
		{BF2F68E6-3FE3-4803-8C83-2F8BB2449373}.Release|Any CPU.ActiveCfg = Release|Any CPU
		{BF2F68E6-3FE3-4803-8C83-2F8BB2449373}.Release|Any CPU.Build.0 = Release|Any CPU
		{35D34170-F113-4195-9B68-369CC4431603}.Debug|Any CPU.ActiveCfg = Debug|Any CPU
		{35D34170-F113-4195-9B68-369CC4431603}.Debug|Any CPU.Build.0 = Debug|Any CPU
		{35D34170-F113-4195-9B68-369CC4431603}.Release|Any CPU.ActiveCfg = Release|Any CPU
		{35D34170-F113-4195-9B68-369CC4431603}.Release|Any CPU.Build.0 = Release|Any CPU
	EndGlobalSection
	GlobalSection(SolutionProperties) = preSolution
		HideSolutionNode = FALSE
	EndGlobalSection
	GlobalSection(ExtensibilityGlobals) = postSolution
		SolutionGuid = {5AA74AC1-9FAB-48DB-86F6-2C56238DE379}
	EndGlobalSection
EndGlobal
